
Microsoft Visual Studio Solution File, Format Version 12.00
# Visual Studio Version 17
VisualStudioVersion = 17.0.31903.59
MinimumVisualStudioVersion = 10.0.40219.1
Project("{FAE04EC0-301F-11D3-BF4B-00C04F79EFBC}") = "Core.Helper", "Core.Helper\Core.Helper.csproj", "{6BD59EB3-B9AD-4CB8-958A-120174EE94B4}"
EndProject
Project("{FAE04EC0-301F-11D3-BF4B-00C04F79EFBC}") = "Core.Helper.Test", "Core.Helper.Test\Core.Helper.Test.csproj", "{AFB7F44D-E54B-41F3-89BA-A1B882010F42}"
EndProject
Project("{FAE04EC0-301F-11D3-BF4B-00C04F79EFBC}") = "EndPoints", "EndPoints\EndPoints.csproj", "{90FC4699-2423-4F7E-BD90-E17EFAD8056C}"
EndProject
Global
	GlobalSection(SolutionConfigurationPlatforms) = preSolution
		Debug|Any CPU = Debug|Any CPU
		Release|Any CPU = Release|Any CPU
	EndGlobalSection
	GlobalSection(SolutionProperties) = preSolution
		HideSolutionNode = FALSE
	EndGlobalSection
	GlobalSection(ProjectConfigurationPlatforms) = postSolution
		{6BD59EB3-B9AD-4CB8-958A-120174EE94B4}.Debug|Any CPU.ActiveCfg = Debug|Any CPU
		{6BD59EB3-B9AD-4CB8-958A-120174EE94B4}.Debug|Any CPU.Build.0 = Debug|Any CPU
		{6BD59EB3-B9AD-4CB8-958A-120174EE94B4}.Release|Any CPU.ActiveCfg = Release|Any CPU
		{6BD59EB3-B9AD-4CB8-958A-120174EE94B4}.Release|Any CPU.Build.0 = Release|Any CPU
		{AFB7F44D-E54B-41F3-89BA-A1B882010F42}.Debug|Any CPU.ActiveCfg = Debug|Any CPU
		{AFB7F44D-E54B-41F3-89BA-A1B882010F42}.Debug|Any CPU.Build.0 = Debug|Any CPU
		{AFB7F44D-E54B-41F3-89BA-A1B882010F42}.Release|Any CPU.ActiveCfg = Release|Any CPU
		{AFB7F44D-E54B-41F3-89BA-A1B882010F42}.Release|Any CPU.Build.0 = Release|Any CPU
		{90FC4699-2423-4F7E-BD90-E17EFAD8056C}.Debug|Any CPU.ActiveCfg = Debug|Any CPU
		{90FC4699-2423-4F7E-BD90-E17EFAD8056C}.Debug|Any CPU.Build.0 = Debug|Any CPU
		{90FC4699-2423-4F7E-BD90-E17EFAD8056C}.Release|Any CPU.ActiveCfg = Release|Any CPU
		{90FC4699-2423-4F7E-BD90-E17EFAD8056C}.Release|Any CPU.Build.0 = Release|Any CPU
	EndGlobalSection
EndGlobal
